// !$*UTF8*$!
{
	archiveVersion = 1;
	classes = {
	};
	objectVersion = 50;
	objects = {

/* Begin PBXBuildFile section */
		700046B326B98EC500645EF7 /* AppDelegate.swift in Sources */ = {isa = PBXBuildFile; fileRef = 700046B226B98EC500645EF7 /* AppDelegate.swift */; };
		700046B526B98EC500645EF7 /* SceneDelegate.swift in Sources */ = {isa = PBXBuildFile; fileRef = 700046B426B98EC500645EF7 /* SceneDelegate.swift */; };
		700046B726B98EC500645EF7 /* ViewController.swift in Sources */ = {isa = PBXBuildFile; fileRef = 700046B626B98EC500645EF7 /* ViewController.swift */; };
		700046BA26B98EC500645EF7 /* Main.storyboard in Resources */ = {isa = PBXBuildFile; fileRef = 700046B826B98EC500645EF7 /* Main.storyboard */; };
		700046BD26B98EC500645EF7 /* GitHubTest.xcdatamodeld in Sources */ = {isa = PBXBuildFile; fileRef = 700046BB26B98EC500645EF7 /* GitHubTest.xcdatamodeld */; };
		700046BF26B98ECB00645EF7 /* Assets.xcassets in Resources */ = {isa = PBXBuildFile; fileRef = 700046BE26B98ECB00645EF7 /* Assets.xcassets */; };
		700046C226B98ECB00645EF7 /* LaunchScreen.storyboard in Resources */ = {isa = PBXBuildFile; fileRef = 700046C026B98ECB00645EF7 /* LaunchScreen.storyboard */; };
		700046CD26B98ECB00645EF7 /* GitHubTestTests.swift in Sources */ = {isa = PBXBuildFile; fileRef = 700046CC26B98ECB00645EF7 /* GitHubTestTests.swift */; };
		700046D826B98ECB00645EF7 /* GitHubTestUITests.swift in Sources */ = {isa = PBXBuildFile; fileRef = 700046D726B98ECB00645EF7 /* GitHubTestUITests.swift */; };
/* End PBXBuildFile section */

/* Begin PBXContainerItemProxy section */
		700046C926B98ECB00645EF7 /* PBXContainerItemProxy */ = {
			isa = PBXContainerItemProxy;
			containerPortal = 700046A726B98EC500645EF7 /* Project object */;
			proxyType = 1;
			remoteGlobalIDString = 700046AE26B98EC500645EF7;
			remoteInfo = GitHubTest;
		};
		700046D426B98ECB00645EF7 /* PBXContainerItemProxy */ = {
			isa = PBXContainerItemProxy;
			containerPortal = 700046A726B98EC500645EF7 /* Project object */;
			proxyType = 1;
			remoteGlobalIDString = 700046AE26B98EC500645EF7;
			remoteInfo = GitHubTest;
		};
/* End PBXContainerItemProxy section */

/* Begin PBXFileReference section */
		700046AF26B98EC500645EF7 /* GitHubTest.app */ = {isa = PBXFileReference; explicitFileType = wrapper.application; includeInIndex = 0; path = GitHubTest.app; sourceTree = BUILT_PRODUCTS_DIR; };
		700046B226B98EC500645EF7 /* AppDelegate.swift */ = {isa = PBXFileReference; lastKnownFileType = sourcecode.swift; path = AppDelegate.swift; sourceTree = "<group>"; };
		700046B426B98EC500645EF7 /* SceneDelegate.swift */ = {isa = PBXFileReference; lastKnownFileType = sourcecode.swift; path = SceneDelegate.swift; sourceTree = "<group>"; };
		700046B626B98EC500645EF7 /* ViewController.swift */ = {isa = PBXFileReference; lastKnownFileType = sourcecode.swift; path = ViewController.swift; sourceTree = "<group>"; };
		700046B926B98EC500645EF7 /* Base */ = {isa = PBXFileReference; lastKnownFileType = file.storyboard; name = Base; path = Base.lproj/Main.storyboard; sourceTree = "<group>"; };
		700046BC26B98EC500645EF7 /* GitHubTest.xcdatamodel */ = {isa = PBXFileReference; lastKnownFileType = wrapper.xcdatamodel; path = GitHubTest.xcdatamodel; sourceTree = "<group>"; };
		700046BE26B98ECB00645EF7 /* Assets.xcassets */ = {isa = PBXFileReference; lastKnownFileType = folder.assetcatalog; path = Assets.xcassets; sourceTree = "<group>"; };
		700046C126B98ECB00645EF7 /* Base */ = {isa = PBXFileReference; lastKnownFileType = file.storyboard; name = Base; path = Base.lproj/LaunchScreen.storyboard; sourceTree = "<group>"; };
		700046C326B98ECB00645EF7 /* Info.plist */ = {isa = PBXFileReference; lastKnownFileType = text.plist.xml; path = Info.plist; sourceTree = "<group>"; };
		700046C826B98ECB00645EF7 /* GitHubTestTests.xctest */ = {isa = PBXFileReference; explicitFileType = wrapper.cfbundle; includeInIndex = 0; path = GitHubTestTests.xctest; sourceTree = BUILT_PRODUCTS_DIR; };
		700046CC26B98ECB00645EF7 /* GitHubTestTests.swift */ = {isa = PBXFileReference; lastKnownFileType = sourcecode.swift; path = GitHubTestTests.swift; sourceTree = "<group>"; };
		700046CE26B98ECB00645EF7 /* Info.plist */ = {isa = PBXFileReference; lastKnownFileType = text.plist.xml; path = Info.plist; sourceTree = "<group>"; };
		700046D326B98ECB00645EF7 /* GitHubTestUITests.xctest */ = {isa = PBXFileReference; explicitFileType = wrapper.cfbundle; includeInIndex = 0; path = GitHubTestUITests.xctest; sourceTree = BUILT_PRODUCTS_DIR; };
		700046D726B98ECB00645EF7 /* GitHubTestUITests.swift */ = {isa = PBXFileReference; lastKnownFileType = sourcecode.swift; path = GitHubTestUITests.swift; sourceTree = "<group>"; };
		700046D926B98ECB00645EF7 /* Info.plist */ = {isa = PBXFileReference; lastKnownFileType = text.plist.xml; path = Info.plist; sourceTree = "<group>"; };
/* End PBXFileReference section */

/* Begin PBXFrameworksBuildPhase section */
		700046AC26B98EC500645EF7 /* Frameworks */ = {
			isa = PBXFrameworksBuildPhase;
			buildActionMask = 2147483647;
			files = (
			);
			runOnlyForDeploymentPostprocessing = 0;
		};
		700046C526B98ECB00645EF7 /* Frameworks */ = {
			isa = PBXFrameworksBuildPhase;
			buildActionMask = 2147483647;
			files = (
			);
			runOnlyForDeploymentPostprocessing = 0;
		};
		700046D026B98ECB00645EF7 /* Frameworks */ = {
			isa = PBXFrameworksBuildPhase;
			buildActionMask = 2147483647;
			files = (
			);
			runOnlyForDeploymentPostprocessing = 0;
		};
/* End PBXFrameworksBuildPhase section */

/* Begin PBXGroup section */
		700046A626B98EC500645EF7 = {
			isa = PBXGroup;
			children = (
				700046B126B98EC500645EF7 /* GitHubTest */,
				700046CB26B98ECB00645EF7 /* GitHubTestTests */,
				700046D626B98ECB00645EF7 /* GitHubTestUITests */,
				700046B026B98EC500645EF7 /* Products */,
			);
			sourceTree = "<group>";
		};
		700046B026B98EC500645EF7 /* Products */ = {
			isa = PBXGroup;
			children = (
				700046AF26B98EC500645EF7 /* GitHubTest.app */,
				700046C826B98ECB00645EF7 /* GitHubTestTests.xctest */,
				700046D326B98ECB00645EF7 /* GitHubTestUITests.xctest */,
			);
			name = Products;
			sourceTree = "<group>";
		};
		700046B126B98EC500645EF7 /* GitHubTest */ = {
			isa = PBXGroup;
			children = (
				700046B226B98EC500645EF7 /* AppDelegate.swift */,
				700046B426B98EC500645EF7 /* SceneDelegate.swift */,
				700046B626B98EC500645EF7 /* ViewController.swift */,
				700046B826B98EC500645EF7 /* Main.storyboard */,
				700046BE26B98ECB00645EF7 /* Assets.xcassets */,
				700046C026B98ECB00645EF7 /* LaunchScreen.storyboard */,
				700046C326B98ECB00645EF7 /* Info.plist */,
				700046BB26B98EC500645EF7 /* GitHubTest.xcdatamodeld */,
			);
			path = GitHubTest;
			sourceTree = "<group>";
		};
		700046CB26B98ECB00645EF7 /* GitHubTestTests */ = {
			isa = PBXGroup;
			children = (
				700046CC26B98ECB00645EF7 /* GitHubTestTests.swift */,
				700046CE26B98ECB00645EF7 /* Info.plist */,
			);
			path = GitHubTestTests;
			sourceTree = "<group>";
		};
		700046D626B98ECB00645EF7 /* GitHubTestUITests */ = {
			isa = PBXGroup;
			children = (
				700046D726B98ECB00645EF7 /* GitHubTestUITests.swift */,
				700046D926B98ECB00645EF7 /* Info.plist */,
			);
			path = GitHubTestUITests;
			sourceTree = "<group>";
		};
/* End PBXGroup section */

/* Begin PBXNativeTarget section */
		700046AE26B98EC500645EF7 /* GitHubTest */ = {
			isa = PBXNativeTarget;
			buildConfigurationList = 700046DC26B98ECB00645EF7 /* Build configuration list for PBXNativeTarget "GitHubTest" */;
			buildPhases = (
				700046AB26B98EC500645EF7 /* Sources */,
				700046AC26B98EC500645EF7 /* Frameworks */,
				700046AD26B98EC500645EF7 /* Resources */,
			);
			buildRules = (
			);
			dependencies = (
			);
			name = GitHubTest;
			productName = GitHubTest;
			productReference = 700046AF26B98EC500645EF7 /* GitHubTest.app */;
			productType = "com.apple.product-type.application";
		};
		700046C726B98ECB00645EF7 /* GitHubTestTests */ = {
			isa = PBXNativeTarget;
			buildConfigurationList = 700046DF26B98ECB00645EF7 /* Build configuration list for PBXNativeTarget "GitHubTestTests" */;
			buildPhases = (
				700046C426B98ECB00645EF7 /* Sources */,
				700046C526B98ECB00645EF7 /* Frameworks */,
				700046C626B98ECB00645EF7 /* Resources */,
			);
			buildRules = (
			);
			dependencies = (
				700046CA26B98ECB00645EF7 /* PBXTargetDependency */,
			);
			name = GitHubTestTests;
			productName = GitHubTestTests;
			productReference = 700046C826B98ECB00645EF7 /* GitHubTestTests.xctest */;
			productType = "com.apple.product-type.bundle.unit-test";
		};
		700046D226B98ECB00645EF7 /* GitHubTestUITests */ = {
			isa = PBXNativeTarget;
			buildConfigurationList = 700046E226B98ECB00645EF7 /* Build configuration list for PBXNativeTarget "GitHubTestUITests" */;
			buildPhases = (
				700046CF26B98ECB00645EF7 /* Sources */,
				700046D026B98ECB00645EF7 /* Frameworks */,
				700046D126B98ECB00645EF7 /* Resources */,
			);
			buildRules = (
			);
			dependencies = (
				700046D526B98ECB00645EF7 /* PBXTargetDependency */,
			);
			name = GitHubTestUITests;
			productName = GitHubTestUITests;
			productReference = 700046D326B98ECB00645EF7 /* GitHubTestUITests.xctest */;
			productType = "com.apple.product-type.bundle.ui-testing";
		};
/* End PBXNativeTarget section */

/* Begin PBXProject section */
		700046A726B98EC500645EF7 /* Project object */ = {
			isa = PBXProject;
			attributes = {
				LastSwiftUpdateCheck = 1250;
				LastUpgradeCheck = 1250;
				TargetAttributes = {
					700046AE26B98EC500645EF7 = {
						CreatedOnToolsVersion = 12.5.1;
					};
					700046C726B98ECB00645EF7 = {
						CreatedOnToolsVersion = 12.5.1;
						TestTargetID = 700046AE26B98EC500645EF7;
					};
					700046D226B98ECB00645EF7 = {
						CreatedOnToolsVersion = 12.5.1;
						TestTargetID = 700046AE26B98EC500645EF7;
					};
				};
			};
			buildConfigurationList = 700046AA26B98EC500645EF7 /* Build configuration list for PBXProject "GitHubTest" */;
			compatibilityVersion = "Xcode 9.3";
			developmentRegion = en;
			hasScannedForEncodings = 0;
			knownRegions = (
				en,
				Base,
			);
			mainGroup = 700046A626B98EC500645EF7;
			productRefGroup = 700046B026B98EC500645EF7 /* Products */;
			projectDirPath = "";
			projectRoot = "";
			targets = (
				700046AE26B98EC500645EF7 /* GitHubTest */,
				700046C726B98ECB00645EF7 /* GitHubTestTests */,
				700046D226B98ECB00645EF7 /* GitHubTestUITests */,
			);
		};
/* End PBXProject section */

/* Begin PBXResourcesBuildPhase section */
		700046AD26B98EC500645EF7 /* Resources */ = {
			isa = PBXResourcesBuildPhase;
			buildActionMask = 2147483647;
			files = (
				700046C226B98ECB00645EF7 /* LaunchScreen.storyboard in Resources */,
				700046BF26B98ECB00645EF7 /* Assets.xcassets in Resources */,
				700046BA26B98EC500645EF7 /* Main.storyboard in Resources */,
			);
			runOnlyForDeploymentPostprocessing = 0;
		};
		700046C626B98ECB00645EF7 /* Resources */ = {
			isa = PBXResourcesBuildPhase;
			buildActionMask = 2147483647;
			files = (
			);
			runOnlyForDeploymentPostprocessing = 0;
		};
		700046D126B98ECB00645EF7 /* Resources */ = {
			isa = PBXResourcesBuildPhase;
			buildActionMask = 2147483647;
			files = (
			);
			runOnlyForDeploymentPostprocessing = 0;
		};
/* End PBXResourcesBuildPhase section */

/* Begin PBXSourcesBuildPhase section */
		700046AB26B98EC500645EF7 /* Sources */ = {
			isa = PBXSourcesBuildPhase;
			buildActionMask = 2147483647;
			files = (
				700046B726B98EC500645EF7 /* ViewController.swift in Sources */,
				700046B326B98EC500645EF7 /* AppDelegate.swift in Sources */,
				700046BD26B98EC500645EF7 /* GitHubTest.xcdatamodeld in Sources */,
				700046B526B98EC500645EF7 /* SceneDelegate.swift in Sources */,
			);
			runOnlyForDeploymentPostprocessing = 0;
		};
		700046C426B98ECB00645EF7 /* Sources */ = {
			isa = PBXSourcesBuildPhase;
			buildActionMask = 2147483647;
			files = (
				700046CD26B98ECB00645EF7 /* GitHubTestTests.swift in Sources */,
			);
			runOnlyForDeploymentPostprocessing = 0;
		};
		700046CF26B98ECB00645EF7 /* Sources */ = {
			isa = PBXSourcesBuildPhase;
			buildActionMask = 2147483647;
			files = (
				700046D826B98ECB00645EF7 /* GitHubTestUITests.swift in Sources */,
			);
			runOnlyForDeploymentPostprocessing = 0;
		};
/* End PBXSourcesBuildPhase section */

/* Begin PBXTargetDependency section */
		700046CA26B98ECB00645EF7 /* PBXTargetDependency */ = {
			isa = PBXTargetDependency;
			target = 700046AE26B98EC500645EF7 /* GitHubTest */;
			targetProxy = 700046C926B98ECB00645EF7 /* PBXContainerItemProxy */;
		};
		700046D526B98ECB00645EF7 /* PBXTargetDependency */ = {
			isa = PBXTargetDependency;
			target = 700046AE26B98EC500645EF7 /* GitHubTest */;
			targetProxy = 700046D426B98ECB00645EF7 /* PBXContainerItemProxy */;
		};
/* End PBXTargetDependency section */

/* Begin PBXVariantGroup section */
		700046B826B98EC500645EF7 /* Main.storyboard */ = {
			isa = PBXVariantGroup;
			children = (
				700046B926B98EC500645EF7 /* Base */,
			);
			name = Main.storyboard;
			sourceTree = "<group>";
		};
		700046C026B98ECB00645EF7 /* LaunchScreen.storyboard */ = {
			isa = PBXVariantGroup;
			children = (
				700046C126B98ECB00645EF7 /* Base */,
			);
			name = LaunchScreen.storyboard;
			sourceTree = "<group>";
		};
/* End PBXVariantGroup section */

/* Begin XCBuildConfiguration section */
		700046DA26B98ECB00645EF7 /* Debug */ = {
			isa = XCBuildConfiguration;
			buildSettings = {
				ALWAYS_SEARCH_USER_PATHS = NO;
				CLANG_ANALYZER_NONNULL = YES;
				CLANG_ANALYZER_NUMBER_OBJECT_CONVERSION = YES_AGGRESSIVE;
				CLANG_CXX_LANGUAGE_STANDARD = "gnu++14";
				CLANG_CXX_LIBRARY = "libc++";
				CLANG_ENABLE_MODULES = YES;
				CLANG_ENABLE_OBJC_ARC = YES;
				CLANG_ENABLE_OBJC_WEAK = YES;
				CLANG_WARN_BLOCK_CAPTURE_AUTORELEASING = YES;
				CLANG_WARN_BOOL_CONVERSION = YES;
				CLANG_WARN_COMMA = YES;
				CLANG_WARN_CONSTANT_CONVERSION = YES;
				CLANG_WARN_DEPRECATED_OBJC_IMPLEMENTATIONS = YES;
				CLANG_WARN_DIRECT_OBJC_ISA_USAGE = YES_ERROR;
				CLANG_WARN_DOCUMENTATION_COMMENTS = YES;
				CLANG_WARN_EMPTY_BODY = YES;
				CLANG_WARN_ENUM_CONVERSION = YES;
				CLANG_WARN_INFINITE_RECURSION = YES;
				CLANG_WARN_INT_CONVERSION = YES;
				CLANG_WARN_NON_LITERAL_NULL_CONVERSION = YES;
				CLANG_WARN_OBJC_IMPLICIT_RETAIN_SELF = YES;
				CLANG_WARN_OBJC_LITERAL_CONVERSION = YES;
				CLANG_WARN_OBJC_ROOT_CLASS = YES_ERROR;
				CLANG_WARN_QUOTED_INCLUDE_IN_FRAMEWORK_HEADER = YES;
				CLANG_WARN_RANGE_LOOP_ANALYSIS = YES;
				CLANG_WARN_STRICT_PROTOTYPES = YES;
				CLANG_WARN_SUSPICIOUS_MOVE = YES;
				CLANG_WARN_UNGUARDED_AVAILABILITY = YES_AGGRESSIVE;
				CLANG_WARN_UNREACHABLE_CODE = YES;
				CLANG_WARN__DUPLICATE_METHOD_MATCH = YES;
				COPY_PHASE_STRIP = NO;
				DEBUG_INFORMATION_FORMAT = dwarf;
				ENABLE_STRICT_OBJC_MSGSEND = YES;
				ENABLE_TESTABILITY = YES;
				GCC_C_LANGUAGE_STANDARD = gnu11;
				GCC_DYNAMIC_NO_PIC = NO;
				GCC_NO_COMMON_BLOCKS = YES;
				GCC_OPTIMIZATION_LEVEL = 0;
				GCC_PREPROCESSOR_DEFINITIONS = (
					"DEBUG=1",
					"$(inherited)",
				);
				GCC_WARN_64_TO_32_BIT_CONVERSION = YES;
				GCC_WARN_ABOUT_RETURN_TYPE = YES_ERROR;
				GCC_WARN_UNDECLARED_SELECTOR = YES;
				GCC_WARN_UNINITIALIZED_AUTOS = YES_AGGRESSIVE;
				GCC_WARN_UNUSED_FUNCTION = YES;
				GCC_WARN_UNUSED_VARIABLE = YES;
				IPHONEOS_DEPLOYMENT_TARGET = 14.5;
				MTL_ENABLE_DEBUG_INFO = INCLUDE_SOURCE;
				MTL_FAST_MATH = YES;
				ONLY_ACTIVE_ARCH = YES;
				SDKROOT = iphoneos;
				SWIFT_ACTIVE_COMPILATION_CONDITIONS = DEBUG;
				SWIFT_OPTIMIZATION_LEVEL = "-Onone";
			};
			name = Debug;
		};
		700046DB26B98ECB00645EF7 /* Release */ = {
			isa = XCBuildConfiguration;
			buildSettings = {
				ALWAYS_SEARCH_USER_PATHS = NO;
				CLANG_ANALYZER_NONNULL = YES;
				CLANG_ANALYZER_NUMBER_OBJECT_CONVERSION = YES_AGGRESSIVE;
				CLANG_CXX_LANGUAGE_STANDARD = "gnu++14";
				CLANG_CXX_LIBRARY = "libc++";
				CLANG_ENABLE_MODULES = YES;
				CLANG_ENABLE_OBJC_ARC = YES;
				CLANG_ENABLE_OBJC_WEAK = YES;
				CLANG_WARN_BLOCK_CAPTURE_AUTORELEASING = YES;
				CLANG_WARN_BOOL_CONVERSION = YES;
				CLANG_WARN_COMMA = YES;
				CLANG_WARN_CONSTANT_CONVERSION = YES;
				CLANG_WARN_DEPRECATED_OBJC_IMPLEMENTATIONS = YES;
				CLANG_WARN_DIRECT_OBJC_ISA_USAGE = YES_ERROR;
				CLANG_WARN_DOCUMENTATION_COMMENTS = YES;
				CLANG_WARN_EMPTY_BODY = YES;
				CLANG_WARN_ENUM_CONVERSION = YES;
				CLANG_WARN_INFINITE_RECURSION = YES;
				CLANG_WARN_INT_CONVERSION = YES;
				CLANG_WARN_NON_LITERAL_NULL_CONVERSION = YES;
				CLANG_WARN_OBJC_IMPLICIT_RETAIN_SELF = YES;
				CLANG_WARN_OBJC_LITERAL_CONVERSION = YES;
				CLANG_WARN_OBJC_ROOT_CLASS = YES_ERROR;
				CLANG_WARN_QUOTED_INCLUDE_IN_FRAMEWORK_HEADER = YES;
				CLANG_WARN_RANGE_LOOP_ANALYSIS = YES;
				CLANG_WARN_STRICT_PROTOTYPES = YES;
				CLANG_WARN_SUSPICIOUS_MOVE = YES;
				CLANG_WARN_UNGUARDED_AVAILABILITY = YES_AGGRESSIVE;
				CLANG_WARN_UNREACHABLE_CODE = YES;
				CLANG_WARN__DUPLICATE_METHOD_MATCH = YES;
				COPY_PHASE_STRIP = NO;
				DEBUG_INFORMATION_FORMAT = "dwarf-with-dsym";
				ENABLE_NS_ASSERTIONS = NO;
				ENABLE_STRICT_OBJC_MSGSEND = YES;
				GCC_C_LANGUAGE_STANDARD = gnu11;
				GCC_NO_COMMON_BLOCKS = YES;
				GCC_WARN_64_TO_32_BIT_CONVERSION = YES;
				GCC_WARN_ABOUT_RETURN_TYPE = YES_ERROR;
				GCC_WARN_UNDECLARED_SELECTOR = YES;
				GCC_WARN_UNINITIALIZED_AUTOS = YES_AGGRESSIVE;
				GCC_WARN_UNUSED_FUNCTION = YES;
				GCC_WARN_UNUSED_VARIABLE = YES;
				IPHONEOS_DEPLOYMENT_TARGET = 14.5;
				MTL_ENABLE_DEBUG_INFO = NO;
				MTL_FAST_MATH = YES;
				SDKROOT = iphoneos;
				SWIFT_COMPILATION_MODE = wholemodule;
				SWIFT_OPTIMIZATION_LEVEL = "-O";
				VALIDATE_PRODUCT = YES;
			};
			name = Release;
		};
		700046DD26B98ECB00645EF7 /* Debug */ = {
			isa = XCBuildConfiguration;
			buildSettings = {
				ASSETCATALOG_COMPILER_APPICON_NAME = AppIcon;
				ASSETCATALOG_COMPILER_GLOBAL_ACCENT_COLOR_NAME = AccentColor;
				CODE_SIGN_STYLE = Automatic;
				INFOPLIST_FILE = GitHubTest/Info.plist;
				LD_RUNPATH_SEARCH_PATHS = (
					"$(inherited)",
					"@executable_path/Frameworks",
				);
				PRODUCT_BUNDLE_IDENTIFIER = KWK.GitHubTest;
				PRODUCT_NAME = "$(TARGET_NAME)";
				SWIFT_VERSION = 5.0;
				TARGETED_DEVICE_FAMILY = "1,2";
			};
			name = Debug;
		};
		700046DE26B98ECB00645EF7 /* Release */ = {
			isa = XCBuildConfiguration;
			buildSettings = {
				ASSETCATALOG_COMPILER_APPICON_NAME = AppIcon;
				ASSETCATALOG_COMPILER_GLOBAL_ACCENT_COLOR_NAME = AccentColor;
				CODE_SIGN_STYLE = Automatic;
				INFOPLIST_FILE = GitHubTest/Info.plist;
				LD_RUNPATH_SEARCH_PATHS = (
					"$(inherited)",
					"@executable_path/Frameworks",
				);
				PRODUCT_BUNDLE_IDENTIFIER = KWK.GitHubTest;
				PRODUCT_NAME = "$(TARGET_NAME)";
				SWIFT_VERSION = 5.0;
				TARGETED_DEVICE_FAMILY = "1,2";
			};
			name = Release;
		};
		700046E026B98ECB00645EF7 /* Debug */ = {
			isa = XCBuildConfiguration;
			buildSettings = {
				ALWAYS_EMBED_SWIFT_STANDARD_LIBRARIES = YES;
				BUNDLE_LOADER = "$(TEST_HOST)";
				CODE_SIGN_STYLE = Automatic;
				INFOPLIST_FILE = GitHubTestTests/Info.plist;
				IPHONEOS_DEPLOYMENT_TARGET = 14.5;
				LD_RUNPATH_SEARCH_PATHS = (
					"$(inherited)",
					"@executable_path/Frameworks",
					"@loader_path/Frameworks",
				);
				PRODUCT_BUNDLE_IDENTIFIER = KWK.GitHubTestTests;
				PRODUCT_NAME = "$(TARGET_NAME)";
				SWIFT_VERSION = 5.0;
				TARGETED_DEVICE_FAMILY = "1,2";
				TEST_HOST = "$(BUILT_PRODUCTS_DIR)/GitHubTest.app/GitHubTest";
			};
			name = Debug;
		};
		700046E126B98ECB00645EF7 /* Release */ = {
			isa = XCBuildConfiguration;
			buildSettings = {
				ALWAYS_EMBED_SWIFT_STANDARD_LIBRARIES = YES;
				BUNDLE_LOADER = "$(TEST_HOST)";
				CODE_SIGN_STYLE = Automatic;
				INFOPLIST_FILE = GitHubTestTests/Info.plist;
				IPHONEOS_DEPLOYMENT_TARGET = 14.5;
				LD_RUNPATH_SEARCH_PATHS = (
					"$(inherited)",
					"@executable_path/Frameworks",
					"@loader_path/Frameworks",
				);
				PRODUCT_BUNDLE_IDENTIFIER = KWK.GitHubTestTests;
				PRODUCT_NAME = "$(TARGET_NAME)";
				SWIFT_VERSION = 5.0;
				TARGETED_DEVICE_FAMILY = "1,2";
				TEST_HOST = "$(BUILT_PRODUCTS_DIR)/GitHubTest.app/GitHubTest";
			};
			name = Release;
		};
		700046E326B98ECB00645EF7 /* Debug */ = {
			isa = XCBuildConfiguration;
			buildSettings = {
				ALWAYS_EMBED_SWIFT_STANDARD_LIBRARIES = YES;
				CODE_SIGN_STYLE = Automatic;
				INFOPLIST_FILE = GitHubTestUITests/Info.plist;
				LD_RUNPATH_SEARCH_PATHS = (
					"$(inherited)",
					"@executable_path/Frameworks",
					"@loader_path/Frameworks",
				);
				PRODUCT_BUNDLE_IDENTIFIER = KWK.GitHubTestUITests;
				PRODUCT_NAME = "$(TARGET_NAME)";
				SWIFT_VERSION = 5.0;
				TARGETED_DEVICE_FAMILY = "1,2";
				TEST_TARGET_NAME = GitHubTest;
			};
			name = Debug;
		};
		700046E426B98ECB00645EF7 /* Release */ = {
			isa = XCBuildConfiguration;
			buildSettings = {
				ALWAYS_EMBED_SWIFT_STANDARD_LIBRARIES = YES;
				CODE_SIGN_STYLE = Automatic;
				INFOPLIST_FILE = GitHubTestUITests/Info.plist;
				LD_RUNPATH_SEARCH_PATHS = (
					"$(inherited)",
					"@executable_path/Frameworks",
					"@loader_path/Frameworks",
				);
				PRODUCT_BUNDLE_IDENTIFIER = KWK.GitHubTestUITests;
				PRODUCT_NAME = "$(TARGET_NAME)";
				SWIFT_VERSION = 5.0;
				TARGETED_DEVICE_FAMILY = "1,2";
				TEST_TARGET_NAME = GitHubTest;
			};
			name = Release;
		};
/* End XCBuildConfiguration section */

/* Begin XCConfigurationList section */
		700046AA26B98EC500645EF7 /* Build configuration list for PBXProject "GitHubTest" */ = {
			isa = XCConfigurationList;
			buildConfigurations = (
				700046DA26B98ECB00645EF7 /* Debug */,
				700046DB26B98ECB00645EF7 /* Release */,
			);
			defaultConfigurationIsVisible = 0;
			defaultConfigurationName = Release;
		};
		700046DC26B98ECB00645EF7 /* Build configuration list for PBXNativeTarget "GitHubTest" */ = {
			isa = XCConfigurationList;
			buildConfigurations = (
				700046DD26B98ECB00645EF7 /* Debug */,
				700046DE26B98ECB00645EF7 /* Release */,
			);
			defaultConfigurationIsVisible = 0;
			defaultConfigurationName = Release;
		};
		700046DF26B98ECB00645EF7 /* Build configuration list for PBXNativeTarget "GitHubTestTests" */ = {
			isa = XCConfigurationList;
			buildConfigurations = (
				700046E026B98ECB00645EF7 /* Debug */,
				700046E126B98ECB00645EF7 /* Release */,
			);
			defaultConfigurationIsVisible = 0;
			defaultConfigurationName = Release;
		};
		700046E226B98ECB00645EF7 /* Build configuration list for PBXNativeTarget "GitHubTestUITests" */ = {
			isa = XCConfigurationList;
			buildConfigurations = (
				700046E326B98ECB00645EF7 /* Debug */,
				700046E426B98ECB00645EF7 /* Release */,
			);
			defaultConfigurationIsVisible = 0;
			defaultConfigurationName = Release;
		};
/* End XCConfigurationList section */

/* Begin XCVersionGroup section */
		700046BB26B98EC500645EF7 /* GitHubTest.xcdatamodeld */ = {
			isa = XCVersionGroup;
			children = (
				700046BC26B98EC500645EF7 /* GitHubTest.xcdatamodel */,
			);
			currentVersion = 700046BC26B98EC500645EF7 /* GitHubTest.xcdatamodel */;
			path = GitHubTest.xcdatamodeld;
			sourceTree = "<group>";
			versionGroupType = wrapper.xcdatamodel;
		};
/* End XCVersionGroup section */
	};
	rootObject = 700046A726B98EC500645EF7 /* Project object */;
}
